// !$*UTF8*$!
{
	archiveVersion = 1;
	classes = {
	};
	objectVersion = 46;
	objects = {

/* Begin PBXBuildFile section */
		DD90E2D91A5C3B0B00A6695B /* AppDelegate.swift in Sources */ = {isa = PBXBuildFile; fileRef = DD90E2D81A5C3B0B00A6695B /* AppDelegate.swift */; };
		DD90E2DB1A5C3B0B00A6695B /* ViewController.swift in Sources */ = {isa = PBXBuildFile; fileRef = DD90E2DA1A5C3B0B00A6695B /* ViewController.swift */; };
		DD90E2DE1A5C3B0B00A6695B /* Main.storyboard in Resources */ = {isa = PBXBuildFile; fileRef = DD90E2DC1A5C3B0B00A6695B /* Main.storyboard */; };
		DD90E2E01A5C3B0B00A6695B /* Images.xcassets in Resources */ = {isa = PBXBuildFile; fileRef = DD90E2DF1A5C3B0B00A6695B /* Images.xcassets */; };
		DD90E2E31A5C3B0B00A6695B /* LaunchScreen.xib in Resources */ = {isa = PBXBuildFile; fileRef = DD90E2E11A5C3B0B00A6695B /* LaunchScreen.xib */; };
		DD90E2EF1A5C3B0B00A6695B /* PostycardTests.swift in Sources */ = {isa = PBXBuildFile; fileRef = DD90E2EE1A5C3B0B00A6695B /* PostycardTests.swift */; };
		DD90E2F91A5D356C00A6695B /* SagradaFamilia.jpg in Resources */ = {isa = PBXBuildFile; fileRef = DD90E2F81A5D356C00A6695B /* SagradaFamilia.jpg */; };
		DD90E2FB1A5D384900A6695B /* AlbertEinsteinStamp.jpg in Resources */ = {isa = PBXBuildFile; fileRef = DD90E2FA1A5D384900A6695B /* AlbertEinsteinStamp.jpg */; };
/* End PBXBuildFile section */

/* Begin PBXContainerItemProxy section */
		DD90E2E91A5C3B0B00A6695B /* PBXContainerItemProxy */ = {
			isa = PBXContainerItemProxy;
			containerPortal = DD90E2CB1A5C3B0B00A6695B /* Project object */;
			proxyType = 1;
			remoteGlobalIDString = DD90E2D21A5C3B0B00A6695B;
			remoteInfo = Postycard;
		};
/* End PBXContainerItemProxy section */

/* Begin PBXFileReference section */
		DD90E2D31A5C3B0B00A6695B /* Postycard.app */ = {isa = PBXFileReference; explicitFileType = wrapper.application; includeInIndex = 0; path = Postycard.app; sourceTree = BUILT_PRODUCTS_DIR; };
		DD90E2D71A5C3B0B00A6695B /* Info.plist */ = {isa = PBXFileReference; lastKnownFileType = text.plist.xml; path = Info.plist; sourceTree = "<group>"; };
		DD90E2D81A5C3B0B00A6695B /* AppDelegate.swift */ = {isa = PBXFileReference; lastKnownFileType = sourcecode.swift; path = AppDelegate.swift; sourceTree = "<group>"; };
		DD90E2DA1A5C3B0B00A6695B /* ViewController.swift */ = {isa = PBXFileReference; lastKnownFileType = sourcecode.swift; path = ViewController.swift; sourceTree = "<group>"; };
		DD90E2DD1A5C3B0B00A6695B /* Base */ = {isa = PBXFileReference; lastKnownFileType = file.storyboard; name = Base; path = Base.lproj/Main.storyboard; sourceTree = "<group>"; };
		DD90E2DF1A5C3B0B00A6695B /* Images.xcassets */ = {isa = PBXFileReference; lastKnownFileType = folder.assetcatalog; path = Images.xcassets; sourceTree = "<group>"; };
		DD90E2E21A5C3B0B00A6695B /* Base */ = {isa = PBXFileReference; lastKnownFileType = file.xib; name = Base; path = Base.lproj/LaunchScreen.xib; sourceTree = "<group>"; };
		DD90E2E81A5C3B0B00A6695B /* PostycardTests.xctest */ = {isa = PBXFileReference; explicitFileType = wrapper.cfbundle; includeInIndex = 0; path = PostycardTests.xctest; sourceTree = BUILT_PRODUCTS_DIR; };
		DD90E2ED1A5C3B0B00A6695B /* Info.plist */ = {isa = PBXFileReference; lastKnownFileType = text.plist.xml; path = Info.plist; sourceTree = "<group>"; };
		DD90E2EE1A5C3B0B00A6695B /* PostycardTests.swift */ = {isa = PBXFileReference; lastKnownFileType = sourcecode.swift; path = PostycardTests.swift; sourceTree = "<group>"; };
		DD90E2F81A5D356C00A6695B /* SagradaFamilia.jpg */ = {isa = PBXFileReference; lastKnownFileType = image.jpeg; path = SagradaFamilia.jpg; sourceTree = "<group>"; };
		DD90E2FA1A5D384900A6695B /* AlbertEinsteinStamp.jpg */ = {isa = PBXFileReference; lastKnownFileType = image.jpeg; path = AlbertEinsteinStamp.jpg; sourceTree = "<group>"; };
/* End PBXFileReference section */

/* Begin PBXFrameworksBuildPhase section */
		DD90E2D01A5C3B0B00A6695B /* Frameworks */ = {
			isa = PBXFrameworksBuildPhase;
			buildActionMask = 2147483647;
			files = (
			);
			runOnlyForDeploymentPostprocessing = 0;
		};
		DD90E2E51A5C3B0B00A6695B /* Frameworks */ = {
			isa = PBXFrameworksBuildPhase;
			buildActionMask = 2147483647;
			files = (
			);
			runOnlyForDeploymentPostprocessing = 0;
		};
/* End PBXFrameworksBuildPhase section */

/* Begin PBXGroup section */
		DD90E2CA1A5C3B0B00A6695B = {
			isa = PBXGroup;
			children = (
				DD90E2D51A5C3B0B00A6695B /* Postycard */,
				DD90E2EB1A5C3B0B00A6695B /* PostycardTests */,
				DD90E2D41A5C3B0B00A6695B /* Products */,
			);
			sourceTree = "<group>";
		};
		DD90E2D41A5C3B0B00A6695B /* Products */ = {
			isa = PBXGroup;
			children = (
				DD90E2D31A5C3B0B00A6695B /* Postycard.app */,
				DD90E2E81A5C3B0B00A6695B /* PostycardTests.xctest */,
			);
			name = Products;
			sourceTree = "<group>";
		};
		DD90E2D51A5C3B0B00A6695B /* Postycard */ = {
			isa = PBXGroup;
			children = (
				DD90E2D81A5C3B0B00A6695B /* AppDelegate.swift */,
				DD90E2DA1A5C3B0B00A6695B /* ViewController.swift */,
				DD90E2DC1A5C3B0B00A6695B /* Main.storyboard */,
				DD90E2DF1A5C3B0B00A6695B /* Images.xcassets */,
				DD90E2E11A5C3B0B00A6695B /* LaunchScreen.xib */,
				DD90E2D61A5C3B0B00A6695B /* Supporting Files */,
			);
			path = Postycard;
			sourceTree = "<group>";
		};
		DD90E2D61A5C3B0B00A6695B /* Supporting Files */ = {
			isa = PBXGroup;
			children = (
				DD90E2FA1A5D384900A6695B /* AlbertEinsteinStamp.jpg */,
				DD90E2F81A5D356C00A6695B /* SagradaFamilia.jpg */,
				DD90E2D71A5C3B0B00A6695B /* Info.plist */,
			);
			name = "Supporting Files";
			sourceTree = "<group>";
		};
		DD90E2EB1A5C3B0B00A6695B /* PostycardTests */ = {
			isa = PBXGroup;
			children = (
				DD90E2EE1A5C3B0B00A6695B /* PostycardTests.swift */,
				DD90E2EC1A5C3B0B00A6695B /* Supporting Files */,
			);
			path = PostycardTests;
			sourceTree = "<group>";
		};
		DD90E2EC1A5C3B0B00A6695B /* Supporting Files */ = {
			isa = PBXGroup;
			children = (
				DD90E2ED1A5C3B0B00A6695B /* Info.plist */,
			);
			name = "Supporting Files";
			sourceTree = "<group>";
		};
/* End PBXGroup section */

/* Begin PBXNativeTarget section */
		DD90E2D21A5C3B0B00A6695B /* Postycard */ = {
			isa = PBXNativeTarget;
			buildConfigurationList = DD90E2F21A5C3B0B00A6695B /* Build configuration list for PBXNativeTarget "Postycard" */;
			buildPhases = (
				DD90E2CF1A5C3B0B00A6695B /* Sources */,
				DD90E2D01A5C3B0B00A6695B /* Frameworks */,
				DD90E2D11A5C3B0B00A6695B /* Resources */,
			);
			buildRules = (
			);
			dependencies = (
			);
			name = Postycard;
			productName = Postycard;
			productReference = DD90E2D31A5C3B0B00A6695B /* Postycard.app */;
			productType = "com.apple.product-type.application";
		};
		DD90E2E71A5C3B0B00A6695B /* PostycardTests */ = {
			isa = PBXNativeTarget;
			buildConfigurationList = DD90E2F51A5C3B0B00A6695B /* Build configuration list for PBXNativeTarget "PostycardTests" */;
			buildPhases = (
				DD90E2E41A5C3B0B00A6695B /* Sources */,
				DD90E2E51A5C3B0B00A6695B /* Frameworks */,
				DD90E2E61A5C3B0B00A6695B /* Resources */,
			);
			buildRules = (
			);
			dependencies = (
				DD90E2EA1A5C3B0B00A6695B /* PBXTargetDependency */,
			);
			name = PostycardTests;
			productName = PostycardTests;
			productReference = DD90E2E81A5C3B0B00A6695B /* PostycardTests.xctest */;
			productType = "com.apple.product-type.bundle.unit-test";
		};
/* End PBXNativeTarget section */

/* Begin PBXProject section */
		DD90E2CB1A5C3B0B00A6695B /* Project object */ = {
			isa = PBXProject;
			attributes = {
				LastUpgradeCheck = 0610;
				ORGANIZATIONNAME = "Dysfunction Media Ltd";
				TargetAttributes = {
					DD90E2D21A5C3B0B00A6695B = {
						CreatedOnToolsVersion = 6.1.1;
						DevelopmentTeam = 5PULNR65GU;
					};
					DD90E2E71A5C3B0B00A6695B = {
						CreatedOnToolsVersion = 6.1.1;
						TestTargetID = DD90E2D21A5C3B0B00A6695B;
					};
				};
			};
			buildConfigurationList = DD90E2CE1A5C3B0B00A6695B /* Build configuration list for PBXProject "Postycard" */;
			compatibilityVersion = "Xcode 3.2";
			developmentRegion = English;
			hasScannedForEncodings = 0;
			knownRegions = (
				en,
				Base,
			);
			mainGroup = DD90E2CA1A5C3B0B00A6695B;
			productRefGroup = DD90E2D41A5C3B0B00A6695B /* Products */;
			projectDirPath = "";
			projectRoot = "";
			targets = (
				DD90E2D21A5C3B0B00A6695B /* Postycard */,
				DD90E2E71A5C3B0B00A6695B /* PostycardTests */,
			);
		};
/* End PBXProject section */

/* Begin PBXResourcesBuildPhase section */
		DD90E2D11A5C3B0B00A6695B /* Resources */ = {
			isa = PBXResourcesBuildPhase;
			buildActionMask = 2147483647;
			files = (
				DD90E2DE1A5C3B0B00A6695B /* Main.storyboard in Resources */,
				DD90E2E31A5C3B0B00A6695B /* LaunchScreen.xib in Resources */,
				DD90E2FB1A5D384900A6695B /* AlbertEinsteinStamp.jpg in Resources */,
				DD90E2E01A5C3B0B00A6695B /* Images.xcassets in Resources */,
				DD90E2F91A5D356C00A6695B /* SagradaFamilia.jpg in Resources */,
			);
			runOnlyForDeploymentPostprocessing = 0;
		};
		DD90E2E61A5C3B0B00A6695B /* Resources */ = {
			isa = PBXResourcesBuildPhase;
			buildActionMask = 2147483647;
			files = (
			);
			runOnlyForDeploymentPostprocessing = 0;
		};
/* End PBXResourcesBuildPhase section */

/* Begin PBXSourcesBuildPhase section */
		DD90E2CF1A5C3B0B00A6695B /* Sources */ = {
			isa = PBXSourcesBuildPhase;
			buildActionMask = 2147483647;
			files = (
				DD90E2DB1A5C3B0B00A6695B /* ViewController.swift in Sources */,
				DD90E2D91A5C3B0B00A6695B /* AppDelegate.swift in Sources */,
			);
			runOnlyForDeploymentPostprocessing = 0;
		};
		DD90E2E41A5C3B0B00A6695B /* Sources */ = {
			isa = PBXSourcesBuildPhase;
			buildActionMask = 2147483647;
			files = (
				DD90E2EF1A5C3B0B00A6695B /* PostycardTests.swift in Sources */,
			);
			runOnlyForDeploymentPostprocessing = 0;
		};
/* End PBXSourcesBuildPhase section */

/* Begin PBXTargetDependency section */
		DD90E2EA1A5C3B0B00A6695B /* PBXTargetDependency */ = {
			isa = PBXTargetDependency;
			target = DD90E2D21A5C3B0B00A6695B /* Postycard */;
			targetProxy = DD90E2E91A5C3B0B00A6695B /* PBXContainerItemProxy */;
		};
/* End PBXTargetDependency section */

/* Begin PBXVariantGroup section */
		DD90E2DC1A5C3B0B00A6695B /* Main.storyboard */ = {
			isa = PBXVariantGroup;
			children = (
				DD90E2DD1A5C3B0B00A6695B /* Base */,
			);
			name = Main.storyboard;
			sourceTree = "<group>";
		};
		DD90E2E11A5C3B0B00A6695B /* LaunchScreen.xib */ = {
			isa = PBXVariantGroup;
			children = (
				DD90E2E21A5C3B0B00A6695B /* Base */,
			);
			name = LaunchScreen.xib;
			sourceTree = "<group>";
		};
/* End PBXVariantGroup section */

/* Begin XCBuildConfiguration section */
		DD90E2F01A5C3B0B00A6695B /* Debug */ = {
			isa = XCBuildConfiguration;
			buildSettings = {
				ALWAYS_SEARCH_USER_PATHS = NO;
				CLANG_CXX_LANGUAGE_STANDARD = "gnu++0x";
				CLANG_CXX_LIBRARY = "libc++";
				CLANG_ENABLE_MODULES = YES;
				CLANG_ENABLE_OBJC_ARC = YES;
				CLANG_WARN_BOOL_CONVERSION = YES;
				CLANG_WARN_CONSTANT_CONVERSION = YES;
				CLANG_WARN_DIRECT_OBJC_ISA_USAGE = YES_ERROR;
				CLANG_WARN_EMPTY_BODY = YES;
				CLANG_WARN_ENUM_CONVERSION = YES;
				CLANG_WARN_INT_CONVERSION = YES;
				CLANG_WARN_OBJC_ROOT_CLASS = YES_ERROR;
				CLANG_WARN_UNREACHABLE_CODE = YES;
				CLANG_WARN__DUPLICATE_METHOD_MATCH = YES;
				"CODE_SIGN_IDENTITY[sdk=iphoneos*]" = "iPhone Developer";
				COPY_PHASE_STRIP = NO;
				ENABLE_STRICT_OBJC_MSGSEND = YES;
				GCC_C_LANGUAGE_STANDARD = gnu99;
				GCC_DYNAMIC_NO_PIC = NO;
				GCC_OPTIMIZATION_LEVEL = 0;
				GCC_PREPROCESSOR_DEFINITIONS = (
					"DEBUG=1",
					"$(inherited)",
				);
				GCC_SYMBOLS_PRIVATE_EXTERN = NO;
				GCC_WARN_64_TO_32_BIT_CONVERSION = YES;
				GCC_WARN_ABOUT_RETURN_TYPE = YES_ERROR;
				GCC_WARN_UNDECLARED_SELECTOR = YES;
				GCC_WARN_UNINITIALIZED_AUTOS = YES_AGGRESSIVE;
				GCC_WARN_UNUSED_FUNCTION = YES;
				GCC_WARN_UNUSED_VARIABLE = YES;
				IPHONEOS_DEPLOYMENT_TARGET = 8.1;
				MTL_ENABLE_DEBUG_INFO = YES;
				ONLY_ACTIVE_ARCH = YES;
				SDKROOT = iphoneos;
				SWIFT_OPTIMIZATION_LEVEL = "-Onone";
				TARGETED_DEVICE_FAMILY = "1,2";
			};
			name = Debug;
		};
		DD90E2F11A5C3B0B00A6695B /* Release */ = {
			isa = XCBuildConfiguration;
			buildSettings = {
				ALWAYS_SEARCH_USER_PATHS = NO;
				CLANG_CXX_LANGUAGE_STANDARD = "gnu++0x";
				CLANG_CXX_LIBRARY = "libc++";
				CLANG_ENABLE_MODULES = YES;
				CLANG_ENABLE_OBJC_ARC = YES;
				CLANG_WARN_BOOL_CONVERSION = YES;
				CLANG_WARN_CONSTANT_CONVERSION = YES;
				CLANG_WARN_DIRECT_OBJC_ISA_USAGE = YES_ERROR;
				CLANG_WARN_EMPTY_BODY = YES;
				CLANG_WARN_ENUM_CONVERSION = YES;
				CLANG_WARN_INT_CONVERSION = YES;
				CLANG_WARN_OBJC_ROOT_CLASS = YES_ERROR;
				CLANG_WARN_UNREACHABLE_CODE = YES;
				CLANG_WARN__DUPLICATE_METHOD_MATCH = YES;
				"CODE_SIGN_IDENTITY[sdk=iphoneos*]" = "iPhone Developer";
				COPY_PHASE_STRIP = YES;
				ENABLE_NS_ASSERTIONS = NO;
				ENABLE_STRICT_OBJC_MSGSEND = YES;
				GCC_C_LANGUAGE_STANDARD = gnu99;
				GCC_WARN_64_TO_32_BIT_CONVERSION = YES;
				GCC_WARN_ABOUT_RETURN_TYPE = YES_ERROR;
				GCC_WARN_UNDECLARED_SELECTOR = YES;
				GCC_WARN_UNINITIALIZED_AUTOS = YES_AGGRESSIVE;
				GCC_WARN_UNUSED_FUNCTION = YES;
				GCC_WARN_UNUSED_VARIABLE = YES;
				IPHONEOS_DEPLOYMENT_TARGET = 8.1;
				MTL_ENABLE_DEBUG_INFO = NO;
				SDKROOT = iphoneos;
				TARGETED_DEVICE_FAMILY = "1,2";
				VALIDATE_PRODUCT = YES;
			};
			name = Release;
		};
		DD90E2F31A5C3B0B00A6695B /* Debug */ = {
			isa = XCBuildConfiguration;
			buildSettings = {
				ASSETCATALOG_COMPILER_APPICON_NAME = AppIcon;
				INFOPLIST_FILE = Postycard/Info.plist;
				LD_RUNPATH_SEARCH_PATHS = "$(inherited) @executable_path/Frameworks";
				PRODUCT_NAME = "$(TARGET_NAME)";
			};
			name = Debug;
		};
		DD90E2F41A5C3B0B00A6695B /* Release */ = {
			isa = XCBuildConfiguration;
			buildSettings = {
				ASSETCATALOG_COMPILER_APPICON_NAME = AppIcon;
				INFOPLIST_FILE = Postycard/Info.plist;
				LD_RUNPATH_SEARCH_PATHS = "$(inherited) @executable_path/Frameworks";
				PRODUCT_NAME = "$(TARGET_NAME)";
			};
			name = Release;
		};
		DD90E2F61A5C3B0B00A6695B /* Debug */ = {
			isa = XCBuildConfiguration;
			buildSettings = {
				BUNDLE_LOADER = "$(TEST_HOST)";
				FRAMEWORK_SEARCH_PATHS = (
					"$(SDKROOT)/Developer/Library/Frameworks",
					"$(inherited)",
				);
				GCC_PREPROCESSOR_DEFINITIONS = (
					"DEBUG=1",
					"$(inherited)",
				);
				INFOPLIST_FILE = PostycardTests/Info.plist;
				LD_RUNPATH_SEARCH_PATHS = "$(inherited) @executable_path/Frameworks @loader_path/Frameworks";
				PRODUCT_NAME = "$(TARGET_NAME)";
				TEST_HOST = "$(BUILT_PRODUCTS_DIR)/Postycard.app/Postycard";
			};
			name = Debug;
		};
		DD90E2F71A5C3B0B00A6695B /* Release */ = {
			isa = XCBuildConfiguration;
			buildSettings = {
				BUNDLE_LOADER = "$(TEST_HOST)";
				FRAMEWORK_SEARCH_PATHS = (
					"$(SDKROOT)/Developer/Library/Frameworks",
					"$(inherited)",
				);
				INFOPLIST_FILE = PostycardTests/Info.plist;
				LD_RUNPATH_SEARCH_PATHS = "$(inherited) @executable_path/Frameworks @loader_path/Frameworks";
				PRODUCT_NAME = "$(TARGET_NAME)";
				TEST_HOST = "$(BUILT_PRODUCTS_DIR)/Postycard.app/Postycard";
			};
			name = Release;
		};
/* End XCBuildConfiguration section */

/* Begin XCConfigurationList section */
		DD90E2CE1A5C3B0B00A6695B /* Build configuration list for PBXProject "Postycard" */ = {
			isa = XCConfigurationList;
			buildConfigurations = (
				DD90E2F01A5C3B0B00A6695B /* Debug */,
				DD90E2F11A5C3B0B00A6695B /* Release */,
			);
			defaultConfigurationIsVisible = 0;
			defaultConfigurationName = Release;
		};
		DD90E2F21A5C3B0B00A6695B /* Build configuration list for PBXNativeTarget "Postycard" */ = {
			isa = XCConfigurationList;
			buildConfigurations = (
				DD90E2F31A5C3B0B00A6695B /* Debug */,
				DD90E2F41A5C3B0B00A6695B /* Release */,
			);
			defaultConfigurationIsVisible = 0;
		};
		DD90E2F51A5C3B0B00A6695B /* Build configuration list for PBXNativeTarget "PostycardTests" */ = {
			isa = XCConfigurationList;
			buildConfigurations = (
				DD90E2F61A5C3B0B00A6695B /* Debug */,
				DD90E2F71A5C3B0B00A6695B /* Release */,
			);
			defaultConfigurationIsVisible = 0;
		};
/* End XCConfigurationList section */
	};
	rootObject = DD90E2CB1A5C3B0B00A6695B /* Project object */;
}
